// !$*UTF8*$!
{
	archiveVersion = 1;
	classes = {
	};
	objectVersion = 56;
	objects = {

/* Begin PBXBuildFile section */
		902E9D862A81491800E39655 /* GameEndViewController.swift in Sources */ = {isa = PBXBuildFile; fileRef = 902E9D852A81491800E39655 /* GameEndViewController.swift */; };
		902E9D892A8150AE00E39655 /* Extension.swift in Sources */ = {isa = PBXBuildFile; fileRef = 902E9D882A8150AE00E39655 /* Extension.swift */; };
		904203322A825EFF00E9DB64 /* (null) in Resources */ = {isa = PBXBuildFile; };
		90D56B192A8650650056B9C2 /* DelaGothicOne.ttf in Resources */ = {isa = PBXBuildFile; fileRef = 90D56B182A8650650056B9C2 /* DelaGothicOne.ttf */; };
		90D56B282A876C940056B9C2 /* Lottie in Frameworks */ = {isa = PBXBuildFile; productRef = 90D56B272A876C940056B9C2 /* Lottie */; };
		90D56B3D2A87A2970056B9C2 /* bomb1.json in Resources */ = {isa = PBXBuildFile; fileRef = 90D56B3B2A87A2970056B9C2 /* bomb1.json */; };
		90D56B3E2A87A2970056B9C2 /* bomb2.json in Resources */ = {isa = PBXBuildFile; fileRef = 90D56B3C2A87A2970056B9C2 /* bomb2.json */; };
		90D56B432A881C400056B9C2 /* GameModel.swift in Sources */ = {isa = PBXBuildFile; fileRef = 90D56B422A881C400056B9C2 /* GameModel.swift */; };
		90D56B452A881D150056B9C2 /* GameView.swift in Sources */ = {isa = PBXBuildFile; fileRef = 90D56B442A881D150056B9C2 /* GameView.swift */; };
		90D56B492A8896D20056B9C2 /* GameEndModel.swift in Sources */ = {isa = PBXBuildFile; fileRef = 90D56B482A8896D20056B9C2 /* GameEndModel.swift */; };
		90D56B4B2A8898340056B9C2 /* GameEndView.swift in Sources */ = {isa = PBXBuildFile; fileRef = 90D56B4A2A8898340056B9C2 /* GameEndView.swift */; };
		90D56B4F2A88A6240056B9C2 /* BombExplosion.mp3 in Resources */ = {isa = PBXBuildFile; fileRef = 90D56B4C2A88A6240056B9C2 /* BombExplosion.mp3 */; };
		90D56B502A88A6240056B9C2 /* TimerBombSeconds_10.mp3 in Resources */ = {isa = PBXBuildFile; fileRef = 90D56B4D2A88A6240056B9C2 /* TimerBombSeconds_10.mp3 */; };
		90D56B512A88A6240056B9C2 /* TimerBombSeconds_20.mp3 in Resources */ = {isa = PBXBuildFile; fileRef = 90D56B4E2A88A6240056B9C2 /* TimerBombSeconds_20.mp3 */; };
		90D56B532A88A62A0056B9C2 /* TimerBombSeconds_30.mp3 in Resources */ = {isa = PBXBuildFile; fileRef = 90D56B522A88A62A0056B9C2 /* TimerBombSeconds_30.mp3 */; };
		90DDB9AB2A8132E70080C5AF /* SnapKit in Frameworks */ = {isa = PBXBuildFile; productRef = 90DDB9AA2A8132E70080C5AF /* SnapKit */; };
		CBD19FA72A8575B8001E4730 /* CategoryView.swift in Sources */ = {isa = PBXBuildFile; fileRef = CBD19FA42A8575B8001E4730 /* CategoryView.swift */; };
		CBD19FA82A8575B8001E4730 /* RulesView.swift in Sources */ = {isa = PBXBuildFile; fileRef = CBD19FA52A8575B8001E4730 /* RulesView.swift */; };
		CBD19FA92A8575B8001E4730 /* RuleViewItem.swift in Sources */ = {isa = PBXBuildFile; fileRef = CBD19FA62A8575B8001E4730 /* RuleViewItem.swift */; };
		CBDBC9382A8119E6003F22E0 /* AppDelegate.swift in Sources */ = {isa = PBXBuildFile; fileRef = CBDBC9372A8119E6003F22E0 /* AppDelegate.swift */; };
		CBDBC93A2A8119E6003F22E0 /* SceneDelegate.swift in Sources */ = {isa = PBXBuildFile; fileRef = CBDBC9392A8119E6003F22E0 /* SceneDelegate.swift */; };
		CBDBC93C2A8119E6003F22E0 /* MainViewController.swift in Sources */ = {isa = PBXBuildFile; fileRef = CBDBC93B2A8119E6003F22E0 /* MainViewController.swift */; };
		CBDBC9412A8119E7003F22E0 /* Assets.xcassets in Resources */ = {isa = PBXBuildFile; fileRef = CBDBC9402A8119E7003F22E0 /* Assets.xcassets */; };
		CBDBC9442A8119E7003F22E0 /* LaunchScreen.storyboard in Resources */ = {isa = PBXBuildFile; fileRef = CBDBC9422A8119E7003F22E0 /* LaunchScreen.storyboard */; };
		CBDBC94C2A811BE9003F22E0 /* GameViewController.swift in Sources */ = {isa = PBXBuildFile; fileRef = CBDBC94B2A811BE9003F22E0 /* GameViewController.swift */; };
		CBDBC9502A811C56003F22E0 /* RulesViewController.swift in Sources */ = {isa = PBXBuildFile; fileRef = CBDBC94F2A811C56003F22E0 /* RulesViewController.swift */; };
		CBDBC9522A811CA9003F22E0 /* CategoriesViewController.swift in Sources */ = {isa = PBXBuildFile; fileRef = CBDBC9512A811CA9003F22E0 /* CategoriesViewController.swift */; };
		CBDBC9542A811CF6003F22E0 /* NavigationController.swift in Sources */ = {isa = PBXBuildFile; fileRef = CBDBC9532A811CF6003F22E0 /* NavigationController.swift */; };
/* End PBXBuildFile section */

/* Begin PBXFileReference section */
		902E9D852A81491800E39655 /* GameEndViewController.swift */ = {isa = PBXFileReference; lastKnownFileType = sourcecode.swift; path = GameEndViewController.swift; sourceTree = "<group>"; };
		902E9D882A8150AE00E39655 /* Extension.swift */ = {isa = PBXFileReference; lastKnownFileType = sourcecode.swift; path = Extension.swift; sourceTree = "<group>"; };
		90D56B182A8650650056B9C2 /* DelaGothicOne.ttf */ = {isa = PBXFileReference; lastKnownFileType = file; name = DelaGothicOne.ttf; path = ../../../../Downloads/DelaGothicOne.ttf; sourceTree = "<group>"; };
		90D56B3B2A87A2970056B9C2 /* bomb1.json */ = {isa = PBXFileReference; fileEncoding = 4; lastKnownFileType = text.json; path = bomb1.json; sourceTree = "<group>"; };
		90D56B3C2A87A2970056B9C2 /* bomb2.json */ = {isa = PBXFileReference; fileEncoding = 4; lastKnownFileType = text.json; path = bomb2.json; sourceTree = "<group>"; };
		90D56B422A881C400056B9C2 /* GameModel.swift */ = {isa = PBXFileReference; lastKnownFileType = sourcecode.swift; path = GameModel.swift; sourceTree = "<group>"; };
		90D56B442A881D150056B9C2 /* GameView.swift */ = {isa = PBXFileReference; lastKnownFileType = sourcecode.swift; path = GameView.swift; sourceTree = "<group>"; };
		90D56B482A8896D20056B9C2 /* GameEndModel.swift */ = {isa = PBXFileReference; lastKnownFileType = sourcecode.swift; path = GameEndModel.swift; sourceTree = "<group>"; };
		90D56B4A2A8898340056B9C2 /* GameEndView.swift */ = {isa = PBXFileReference; lastKnownFileType = sourcecode.swift; path = GameEndView.swift; sourceTree = "<group>"; };
		90D56B4C2A88A6240056B9C2 /* BombExplosion.mp3 */ = {isa = PBXFileReference; lastKnownFileType = audio.mp3; path = BombExplosion.mp3; sourceTree = "<group>"; };
		90D56B4D2A88A6240056B9C2 /* TimerBombSeconds_10.mp3 */ = {isa = PBXFileReference; lastKnownFileType = audio.mp3; path = TimerBombSeconds_10.mp3; sourceTree = "<group>"; };
		90D56B4E2A88A6240056B9C2 /* TimerBombSeconds_20.mp3 */ = {isa = PBXFileReference; lastKnownFileType = audio.mp3; path = TimerBombSeconds_20.mp3; sourceTree = "<group>"; };
		90D56B522A88A62A0056B9C2 /* TimerBombSeconds_30.mp3 */ = {isa = PBXFileReference; lastKnownFileType = audio.mp3; path = TimerBombSeconds_30.mp3; sourceTree = "<group>"; };
		CBD19FA42A8575B8001E4730 /* CategoryView.swift */ = {isa = PBXFileReference; fileEncoding = 4; lastKnownFileType = sourcecode.swift; path = CategoryView.swift; sourceTree = "<group>"; };
		CBD19FA52A8575B8001E4730 /* RulesView.swift */ = {isa = PBXFileReference; fileEncoding = 4; lastKnownFileType = sourcecode.swift; path = RulesView.swift; sourceTree = "<group>"; };
		CBD19FA62A8575B8001E4730 /* RuleViewItem.swift */ = {isa = PBXFileReference; fileEncoding = 4; lastKnownFileType = sourcecode.swift; path = RuleViewItem.swift; sourceTree = "<group>"; };
		CBDBC9342A8119E6003F22E0 /* Bomb.app */ = {isa = PBXFileReference; explicitFileType = wrapper.application; includeInIndex = 0; path = Bomb.app; sourceTree = BUILT_PRODUCTS_DIR; };
		CBDBC9372A8119E6003F22E0 /* AppDelegate.swift */ = {isa = PBXFileReference; lastKnownFileType = sourcecode.swift; path = AppDelegate.swift; sourceTree = "<group>"; };
		CBDBC9392A8119E6003F22E0 /* SceneDelegate.swift */ = {isa = PBXFileReference; lastKnownFileType = sourcecode.swift; path = SceneDelegate.swift; sourceTree = "<group>"; };
		CBDBC93B2A8119E6003F22E0 /* MainViewController.swift */ = {isa = PBXFileReference; lastKnownFileType = sourcecode.swift; path = MainViewController.swift; sourceTree = "<group>"; };
		CBDBC9402A8119E7003F22E0 /* Assets.xcassets */ = {isa = PBXFileReference; lastKnownFileType = folder.assetcatalog; path = Assets.xcassets; sourceTree = "<group>"; };
		CBDBC9432A8119E7003F22E0 /* Base */ = {isa = PBXFileReference; lastKnownFileType = file.storyboard; name = Base; path = Base.lproj/LaunchScreen.storyboard; sourceTree = "<group>"; };
		CBDBC9452A8119E7003F22E0 /* Info.plist */ = {isa = PBXFileReference; lastKnownFileType = text.plist.xml; path = Info.plist; sourceTree = "<group>"; };
		CBDBC94B2A811BE9003F22E0 /* GameViewController.swift */ = {isa = PBXFileReference; lastKnownFileType = sourcecode.swift; path = GameViewController.swift; sourceTree = "<group>"; };
		CBDBC94F2A811C56003F22E0 /* RulesViewController.swift */ = {isa = PBXFileReference; lastKnownFileType = sourcecode.swift; path = RulesViewController.swift; sourceTree = "<group>"; };
		CBDBC9512A811CA9003F22E0 /* CategoriesViewController.swift */ = {isa = PBXFileReference; lastKnownFileType = sourcecode.swift; path = CategoriesViewController.swift; sourceTree = "<group>"; };
		CBDBC9532A811CF6003F22E0 /* NavigationController.swift */ = {isa = PBXFileReference; lastKnownFileType = sourcecode.swift; path = NavigationController.swift; sourceTree = "<group>"; };
/* End PBXFileReference section */

/* Begin PBXFrameworksBuildPhase section */
		CBDBC9312A8119E6003F22E0 /* Frameworks */ = {
			isa = PBXFrameworksBuildPhase;
			buildActionMask = 2147483647;
			files = (
				90DDB9AB2A8132E70080C5AF /* SnapKit in Frameworks */,
				90D56B282A876C940056B9C2 /* Lottie in Frameworks */,
			);
			runOnlyForDeploymentPostprocessing = 0;
		};
/* End PBXFrameworksBuildPhase section */

/* Begin PBXGroup section */
		902E9D872A81509600E39655 /* Extension */ = {
			isa = PBXGroup;
			children = (
				902E9D882A8150AE00E39655 /* Extension.swift */,
			);
			path = Extension;
			sourceTree = "<group>";
		};
		904203302A825EEE00E9DB64 /* Fonts */ = {
			isa = PBXGroup;
			children = (
				90D56B182A8650650056B9C2 /* DelaGothicOne.ttf */,
			);
			path = Fonts;
			sourceTree = "<group>";
		};
		90D56B412A881C000056B9C2 /* Model */ = {
			isa = PBXGroup;
			children = (
				90D56B422A881C400056B9C2 /* GameModel.swift */,
				90D56B482A8896D20056B9C2 /* GameEndModel.swift */,
			);
			path = Model;
			sourceTree = "<group>";
		};
		90D56B462A8832780056B9C2 /* Animations */ = {
			isa = PBXGroup;
			children = (
				90D56B3B2A87A2970056B9C2 /* bomb1.json */,
				90D56B3C2A87A2970056B9C2 /* bomb2.json */,
			);
			path = Animations;
			sourceTree = "<group>";
		};
		90D56B472A8832A20056B9C2 /* Sounds */ = {
			isa = PBXGroup;
			children = (
				90D56B522A88A62A0056B9C2 /* TimerBombSeconds_30.mp3 */,
				90D56B4E2A88A6240056B9C2 /* TimerBombSeconds_20.mp3 */,
				90D56B4D2A88A6240056B9C2 /* TimerBombSeconds_10.mp3 */,
				90D56B4C2A88A6240056B9C2 /* BombExplosion.mp3 */,
			);
			path = Sounds;
			sourceTree = "<group>";
		};
		CBD19FA32A85759A001E4730 /* Views */ = {
			isa = PBXGroup;
			children = (
				CBD19FA42A8575B8001E4730 /* CategoryView.swift */,
				CBD19FA52A8575B8001E4730 /* RulesView.swift */,
				CBD19FA62A8575B8001E4730 /* RuleViewItem.swift */,
				90D56B442A881D150056B9C2 /* GameView.swift */,
				90D56B4A2A8898340056B9C2 /* GameEndView.swift */,
			);
			path = Views;
			sourceTree = "<group>";
		};
		CBDBC92B2A8119E6003F22E0 = {
			isa = PBXGroup;
			children = (
				CBDBC9362A8119E6003F22E0 /* Bomb */,
				CBDBC9352A8119E6003F22E0 /* Products */,
			);
			sourceTree = "<group>";
		};
		CBDBC9352A8119E6003F22E0 /* Products */ = {
			isa = PBXGroup;
			children = (
				CBDBC9342A8119E6003F22E0 /* Bomb.app */,
			);
			name = Products;
			sourceTree = "<group>";
		};
		CBDBC9362A8119E6003F22E0 /* Bomb */ = {
			isa = PBXGroup;
			children = (
				CBDBC9372A8119E6003F22E0 /* AppDelegate.swift */,
				CBDBC9392A8119E6003F22E0 /* SceneDelegate.swift */,
				90D56B412A881C000056B9C2 /* Model */,
				CBD19FA32A85759A001E4730 /* Views */,
				CBDBC94D2A811C0F003F22E0 /* Controller */,
				CBDBC9402A8119E7003F22E0 /* Assets.xcassets */,
				CBDBC9422A8119E7003F22E0 /* LaunchScreen.storyboard */,
				CBDBC9452A8119E7003F22E0 /* Info.plist */,
				90D56B472A8832A20056B9C2 /* Sounds */,
				90D56B462A8832780056B9C2 /* Animations */,
				904203302A825EEE00E9DB64 /* Fonts */,
				902E9D872A81509600E39655 /* Extension */,
			);
			path = Bomb;
			sourceTree = "<group>";
		};
		CBDBC94D2A811C0F003F22E0 /* Controller */ = {
			isa = PBXGroup;
			children = (
				CBDBC93B2A8119E6003F22E0 /* MainViewController.swift */,
				CBDBC94B2A811BE9003F22E0 /* GameViewController.swift */,
				902E9D852A81491800E39655 /* GameEndViewController.swift */,
				CBDBC94F2A811C56003F22E0 /* RulesViewController.swift */,
				CBDBC9512A811CA9003F22E0 /* CategoriesViewController.swift */,
				CBDBC9532A811CF6003F22E0 /* NavigationController.swift */,
			);
			path = Controller;
			sourceTree = "<group>";
		};
/* End PBXGroup section */

/* Begin PBXNativeTarget section */
		CBDBC9332A8119E6003F22E0 /* Bomb */ = {
			isa = PBXNativeTarget;
			buildConfigurationList = CBDBC9482A8119E7003F22E0 /* Build configuration list for PBXNativeTarget "Bomb" */;
			buildPhases = (
				CBDBC9302A8119E6003F22E0 /* Sources */,
				CBDBC9312A8119E6003F22E0 /* Frameworks */,
				CBDBC9322A8119E6003F22E0 /* Resources */,
			);
			buildRules = (
			);
			dependencies = (
			);
			name = Bomb;
			packageProductDependencies = (
				90DDB9AA2A8132E70080C5AF /* SnapKit */,
				90D56B272A876C940056B9C2 /* Lottie */,
			);
			productName = Bomb;
			productReference = CBDBC9342A8119E6003F22E0 /* Bomb.app */;
			productType = "com.apple.product-type.application";
		};
/* End PBXNativeTarget section */

/* Begin PBXProject section */
		CBDBC92C2A8119E6003F22E0 /* Project object */ = {
			isa = PBXProject;
			attributes = {
				BuildIndependentTargetsInParallel = 1;
				LastSwiftUpdateCheck = 1430;
				LastUpgradeCheck = 1430;
				TargetAttributes = {
					CBDBC9332A8119E6003F22E0 = {
						CreatedOnToolsVersion = 14.3.1;
					};
				};
			};
			buildConfigurationList = CBDBC92F2A8119E6003F22E0 /* Build configuration list for PBXProject "Bomb" */;
			compatibilityVersion = "Xcode 14.0";
			developmentRegion = en;
			hasScannedForEncodings = 0;
			knownRegions = (
				en,
				Base,
			);
			mainGroup = CBDBC92B2A8119E6003F22E0;
			packageReferences = (
				90DDB9A92A8132E70080C5AF /* XCRemoteSwiftPackageReference "SnapKit" */,
				90D56B262A876C940056B9C2 /* XCRemoteSwiftPackageReference "lottie-ios" */,
			);
			productRefGroup = CBDBC9352A8119E6003F22E0 /* Products */;
			projectDirPath = "";
			projectRoot = "";
			targets = (
				CBDBC9332A8119E6003F22E0 /* Bomb */,
			);
		};
/* End PBXProject section */

/* Begin PBXResourcesBuildPhase section */
		CBDBC9322A8119E6003F22E0 /* Resources */ = {
			isa = PBXResourcesBuildPhase;
			buildActionMask = 2147483647;
			files = (
				CBDBC9442A8119E7003F22E0 /* LaunchScreen.storyboard in Resources */,
				904203322A825EFF00E9DB64 /* (null) in Resources */,
				90D56B3D2A87A2970056B9C2 /* bomb1.json in Resources */,
				90D56B3E2A87A2970056B9C2 /* bomb2.json in Resources */,
				CBDBC9412A8119E7003F22E0 /* Assets.xcassets in Resources */,
				90D56B532A88A62A0056B9C2 /* TimerBombSeconds_30.mp3 in Resources */,
				90D56B512A88A6240056B9C2 /* TimerBombSeconds_20.mp3 in Resources */,
				90D56B502A88A6240056B9C2 /* TimerBombSeconds_10.mp3 in Resources */,
				90D56B4F2A88A6240056B9C2 /* BombExplosion.mp3 in Resources */,
				90D56B192A8650650056B9C2 /* DelaGothicOne.ttf in Resources */,
			);
			runOnlyForDeploymentPostprocessing = 0;
		};
/* End PBXResourcesBuildPhase section */

/* Begin PBXSourcesBuildPhase section */
		CBDBC9302A8119E6003F22E0 /* Sources */ = {
			isa = PBXSourcesBuildPhase;
			buildActionMask = 2147483647;
			files = (
				902E9D892A8150AE00E39655 /* Extension.swift in Sources */,
				CBDBC9502A811C56003F22E0 /* RulesViewController.swift in Sources */,
				CBDBC94C2A811BE9003F22E0 /* GameViewController.swift in Sources */,
				CBD19FA92A8575B8001E4730 /* RuleViewItem.swift in Sources */,
				CBDBC9522A811CA9003F22E0 /* CategoriesViewController.swift in Sources */,
				CBD19FA72A8575B8001E4730 /* CategoryView.swift in Sources */,
				90D56B452A881D150056B9C2 /* GameView.swift in Sources */,
				CBD19FA82A8575B8001E4730 /* RulesView.swift in Sources */,
				90D56B4B2A8898340056B9C2 /* GameEndView.swift in Sources */,
				CBDBC93C2A8119E6003F22E0 /* MainViewController.swift in Sources */,
				CBDBC9382A8119E6003F22E0 /* AppDelegate.swift in Sources */,
				CBDBC9542A811CF6003F22E0 /* NavigationController.swift in Sources */,
				902E9D862A81491800E39655 /* GameEndViewController.swift in Sources */,
				90D56B432A881C400056B9C2 /* GameModel.swift in Sources */,
				90D56B492A8896D20056B9C2 /* GameEndModel.swift in Sources */,
				CBDBC93A2A8119E6003F22E0 /* SceneDelegate.swift in Sources */,
			);
			runOnlyForDeploymentPostprocessing = 0;
		};
/* End PBXSourcesBuildPhase section */

/* Begin PBXVariantGroup section */
		CBDBC9422A8119E7003F22E0 /* LaunchScreen.storyboard */ = {
			isa = PBXVariantGroup;
			children = (
				CBDBC9432A8119E7003F22E0 /* Base */,
			);
			name = LaunchScreen.storyboard;
			sourceTree = "<group>";
		};
/* End PBXVariantGroup section */

/* Begin XCBuildConfiguration section */
		CBDBC9462A8119E7003F22E0 /* Debug */ = {
			isa = XCBuildConfiguration;
			buildSettings = {
				ALWAYS_SEARCH_USER_PATHS = NO;
				CLANG_ANALYZER_NONNULL = YES;
				CLANG_ANALYZER_NUMBER_OBJECT_CONVERSION = YES_AGGRESSIVE;
				CLANG_CXX_LANGUAGE_STANDARD = "gnu++20";
				CLANG_ENABLE_MODULES = YES;
				CLANG_ENABLE_OBJC_ARC = YES;
				CLANG_ENABLE_OBJC_WEAK = YES;
				CLANG_WARN_BLOCK_CAPTURE_AUTORELEASING = YES;
				CLANG_WARN_BOOL_CONVERSION = YES;
				CLANG_WARN_COMMA = YES;
				CLANG_WARN_CONSTANT_CONVERSION = YES;
				CLANG_WARN_DEPRECATED_OBJC_IMPLEMENTATIONS = YES;
				CLANG_WARN_DIRECT_OBJC_ISA_USAGE = YES_ERROR;
				CLANG_WARN_DOCUMENTATION_COMMENTS = YES;
				CLANG_WARN_EMPTY_BODY = YES;
				CLANG_WARN_ENUM_CONVERSION = YES;
				CLANG_WARN_INFINITE_RECURSION = YES;
				CLANG_WARN_INT_CONVERSION = YES;
				CLANG_WARN_NON_LITERAL_NULL_CONVERSION = YES;
				CLANG_WARN_OBJC_IMPLICIT_RETAIN_SELF = YES;
				CLANG_WARN_OBJC_LITERAL_CONVERSION = YES;
				CLANG_WARN_OBJC_ROOT_CLASS = YES_ERROR;
				CLANG_WARN_QUOTED_INCLUDE_IN_FRAMEWORK_HEADER = YES;
				CLANG_WARN_RANGE_LOOP_ANALYSIS = YES;
				CLANG_WARN_STRICT_PROTOTYPES = YES;
				CLANG_WARN_SUSPICIOUS_MOVE = YES;
				CLANG_WARN_UNGUARDED_AVAILABILITY = YES_AGGRESSIVE;
				CLANG_WARN_UNREACHABLE_CODE = YES;
				CLANG_WARN__DUPLICATE_METHOD_MATCH = YES;
				COPY_PHASE_STRIP = NO;
				DEBUG_INFORMATION_FORMAT = dwarf;
				ENABLE_STRICT_OBJC_MSGSEND = YES;
				ENABLE_TESTABILITY = YES;
				GCC_C_LANGUAGE_STANDARD = gnu11;
				GCC_DYNAMIC_NO_PIC = NO;
				GCC_NO_COMMON_BLOCKS = YES;
				GCC_OPTIMIZATION_LEVEL = 0;
				GCC_PREPROCESSOR_DEFINITIONS = (
					"DEBUG=1",
					"$(inherited)",
				);
				GCC_WARN_64_TO_32_BIT_CONVERSION = YES;
				GCC_WARN_ABOUT_RETURN_TYPE = YES_ERROR;
				GCC_WARN_UNDECLARED_SELECTOR = YES;
				GCC_WARN_UNINITIALIZED_AUTOS = YES_AGGRESSIVE;
				GCC_WARN_UNUSED_FUNCTION = YES;
				GCC_WARN_UNUSED_VARIABLE = YES;
				IPHONEOS_DEPLOYMENT_TARGET = 16.4;
				MTL_ENABLE_DEBUG_INFO = INCLUDE_SOURCE;
				MTL_FAST_MATH = YES;
				ONLY_ACTIVE_ARCH = YES;
				SDKROOT = iphoneos;
				SWIFT_ACTIVE_COMPILATION_CONDITIONS = DEBUG;
				SWIFT_OPTIMIZATION_LEVEL = "-Onone";
			};
			name = Debug;
		};
		CBDBC9472A8119E7003F22E0 /* Release */ = {
			isa = XCBuildConfiguration;
			buildSettings = {
				ALWAYS_SEARCH_USER_PATHS = NO;
				CLANG_ANALYZER_NONNULL = YES;
				CLANG_ANALYZER_NUMBER_OBJECT_CONVERSION = YES_AGGRESSIVE;
				CLANG_CXX_LANGUAGE_STANDARD = "gnu++20";
				CLANG_ENABLE_MODULES = YES;
				CLANG_ENABLE_OBJC_ARC = YES;
				CLANG_ENABLE_OBJC_WEAK = YES;
				CLANG_WARN_BLOCK_CAPTURE_AUTORELEASING = YES;
				CLANG_WARN_BOOL_CONVERSION = YES;
				CLANG_WARN_COMMA = YES;
				CLANG_WARN_CONSTANT_CONVERSION = YES;
				CLANG_WARN_DEPRECATED_OBJC_IMPLEMENTATIONS = YES;
				CLANG_WARN_DIRECT_OBJC_ISA_USAGE = YES_ERROR;
				CLANG_WARN_DOCUMENTATION_COMMENTS = YES;
				CLANG_WARN_EMPTY_BODY = YES;
				CLANG_WARN_ENUM_CONVERSION = YES;
				CLANG_WARN_INFINITE_RECURSION = YES;
				CLANG_WARN_INT_CONVERSION = YES;
				CLANG_WARN_NON_LITERAL_NULL_CONVERSION = YES;
				CLANG_WARN_OBJC_IMPLICIT_RETAIN_SELF = YES;
				CLANG_WARN_OBJC_LITERAL_CONVERSION = YES;
				CLANG_WARN_OBJC_ROOT_CLASS = YES_ERROR;
				CLANG_WARN_QUOTED_INCLUDE_IN_FRAMEWORK_HEADER = YES;
				CLANG_WARN_RANGE_LOOP_ANALYSIS = YES;
				CLANG_WARN_STRICT_PROTOTYPES = YES;
				CLANG_WARN_SUSPICIOUS_MOVE = YES;
				CLANG_WARN_UNGUARDED_AVAILABILITY = YES_AGGRESSIVE;
				CLANG_WARN_UNREACHABLE_CODE = YES;
				CLANG_WARN__DUPLICATE_METHOD_MATCH = YES;
				COPY_PHASE_STRIP = NO;
				DEBUG_INFORMATION_FORMAT = "dwarf-with-dsym";
				ENABLE_NS_ASSERTIONS = NO;
				ENABLE_STRICT_OBJC_MSGSEND = YES;
				GCC_C_LANGUAGE_STANDARD = gnu11;
				GCC_NO_COMMON_BLOCKS = YES;
				GCC_WARN_64_TO_32_BIT_CONVERSION = YES;
				GCC_WARN_ABOUT_RETURN_TYPE = YES_ERROR;
				GCC_WARN_UNDECLARED_SELECTOR = YES;
				GCC_WARN_UNINITIALIZED_AUTOS = YES_AGGRESSIVE;
				GCC_WARN_UNUSED_FUNCTION = YES;
				GCC_WARN_UNUSED_VARIABLE = YES;
				IPHONEOS_DEPLOYMENT_TARGET = 16.4;
				MTL_ENABLE_DEBUG_INFO = NO;
				MTL_FAST_MATH = YES;
				SDKROOT = iphoneos;
				SWIFT_COMPILATION_MODE = wholemodule;
				SWIFT_OPTIMIZATION_LEVEL = "-O";
				VALIDATE_PRODUCT = YES;
			};
			name = Release;
		};
		CBDBC9492A8119E7003F22E0 /* Debug */ = {
			isa = XCBuildConfiguration;
			buildSettings = {
				ASSETCATALOG_COMPILER_APPICON_NAME = AppIcon;
				ASSETCATALOG_COMPILER_GLOBAL_ACCENT_COLOR_NAME = AccentColor;
				CODE_SIGN_STYLE = Automatic;
				CURRENT_PROJECT_VERSION = 1;
				DEVELOPMENT_TEAM = 3V899K3TN7;
				GENERATE_INFOPLIST_FILE = YES;
				INFOPLIST_FILE = Bomb/Info.plist;
				INFOPLIST_KEY_CFBundleDisplayName = Bomb;
				INFOPLIST_KEY_LSApplicationCategoryType = "public.app-category.games";
				INFOPLIST_KEY_UIApplicationSupportsIndirectInputEvents = YES;
				INFOPLIST_KEY_UILaunchStoryboardName = LaunchScreen;
				INFOPLIST_KEY_UISupportedInterfaceOrientations = UIInterfaceOrientationPortrait;
				IPHONEOS_DEPLOYMENT_TARGET = 15.0;
				LD_RUNPATH_SEARCH_PATHS = (
					"$(inherited)",
					"@executable_path/Frameworks",
				);
				MARKETING_VERSION = 1.0;
				PRODUCT_BUNDLE_IDENTIFIER = by.ally.Bomb;
				PRODUCT_NAME = "$(TARGET_NAME)";
				SWIFT_EMIT_LOC_STRINGS = YES;
				SWIFT_VERSION = 5.0;
				TARGETED_DEVICE_FAMILY = "1,2";
			};
			name = Debug;
		};
		CBDBC94A2A8119E7003F22E0 /* Release */ = {
			isa = XCBuildConfiguration;
			buildSettings = {
				ASSETCATALOG_COMPILER_APPICON_NAME = AppIcon;
				ASSETCATALOG_COMPILER_GLOBAL_ACCENT_COLOR_NAME = AccentColor;
				CODE_SIGN_STYLE = Automatic;
				CURRENT_PROJECT_VERSION = 1;
				DEVELOPMENT_TEAM = 3V899K3TN7;
				GENERATE_INFOPLIST_FILE = YES;
				INFOPLIST_FILE = Bomb/Info.plist;
				INFOPLIST_KEY_CFBundleDisplayName = Bomb;
				INFOPLIST_KEY_LSApplicationCategoryType = "public.app-category.games";
				INFOPLIST_KEY_UIApplicationSupportsIndirectInputEvents = YES;
				INFOPLIST_KEY_UILaunchStoryboardName = LaunchScreen;
				INFOPLIST_KEY_UISupportedInterfaceOrientations = UIInterfaceOrientationPortrait;
				IPHONEOS_DEPLOYMENT_TARGET = 15.0;
				LD_RUNPATH_SEARCH_PATHS = (
					"$(inherited)",
					"@executable_path/Frameworks",
				);
				MARKETING_VERSION = 1.0;
				PRODUCT_BUNDLE_IDENTIFIER = by.ally.Bomb;
				PRODUCT_NAME = "$(TARGET_NAME)";
				SWIFT_EMIT_LOC_STRINGS = YES;
				SWIFT_VERSION = 5.0;
				TARGETED_DEVICE_FAMILY = "1,2";
			};
			name = Release;
		};
/* End XCBuildConfiguration section */

/* Begin XCConfigurationList section */
		CBDBC92F2A8119E6003F22E0 /* Build configuration list for PBXProject "Bomb" */ = {
			isa = XCConfigurationList;
			buildConfigurations = (
				CBDBC9462A8119E7003F22E0 /* Debug */,
				CBDBC9472A8119E7003F22E0 /* Release */,
			);
			defaultConfigurationIsVisible = 0;
			defaultConfigurationName = Release;
		};
		CBDBC9482A8119E7003F22E0 /* Build configuration list for PBXNativeTarget "Bomb" */ = {
			isa = XCConfigurationList;
			buildConfigurations = (
				CBDBC9492A8119E7003F22E0 /* Debug */,
				CBDBC94A2A8119E7003F22E0 /* Release */,
			);
			defaultConfigurationIsVisible = 0;
			defaultConfigurationName = Release;
		};
/* End XCConfigurationList section */

/* Begin XCRemoteSwiftPackageReference section */
		90D56B262A876C940056B9C2 /* XCRemoteSwiftPackageReference "lottie-ios" */ = {
			isa = XCRemoteSwiftPackageReference;
			repositoryURL = "https://github.com/airbnb/lottie-ios";
			requirement = {
				kind = upToNextMajorVersion;
				minimumVersion = 4.0.0;
			};
		};
		90DDB9A92A8132E70080C5AF /* XCRemoteSwiftPackageReference "SnapKit" */ = {
			isa = XCRemoteSwiftPackageReference;
			repositoryURL = "https://github.com/SnapKit/SnapKit";
			requirement = {
				kind = upToNextMajorVersion;
				minimumVersion = 5.0.0;
			};
		};
/* End XCRemoteSwiftPackageReference section */

/* Begin XCSwiftPackageProductDependency section */
		90D56B272A876C940056B9C2 /* Lottie */ = {
			isa = XCSwiftPackageProductDependency;
			package = 90D56B262A876C940056B9C2 /* XCRemoteSwiftPackageReference "lottie-ios" */;
			productName = Lottie;
		};
		90DDB9AA2A8132E70080C5AF /* SnapKit */ = {
			isa = XCSwiftPackageProductDependency;
			package = 90DDB9A92A8132E70080C5AF /* XCRemoteSwiftPackageReference "SnapKit" */;
			productName = SnapKit;
		};
/* End XCSwiftPackageProductDependency section */
	};
	rootObject = CBDBC92C2A8119E6003F22E0 /* Project object */;
}
